
Microsoft Visual Studio Solution File, Format Version 12.00
# Visual Studio Version 17
VisualStudioVersion = 17.10.35027.167
MinimumVisualStudioVersion = 10.0.40219.1
Project("{FAE04EC0-301F-11D3-BF4B-00C04F79EFBC}") = "Rocket Landing Simulation", "Rocket Landing Simulation\Rocket Landing Simulation.csproj", "{FFDC01B9-768E-47A0-8DA8-5110F018C441}"
EndProject
Global
	GlobalSection(SolutionConfigurationPlatforms) = preSolution
		Debug|Any CPU = Debug|Any CPU
		Release|Any CPU = Release|Any CPU
	EndGlobalSection
	GlobalSection(ProjectConfigurationPlatforms) = postSolution
		{FFDC01B9-768E-47A0-8DA8-5110F018C441}.Debug|Any CPU.ActiveCfg = Debug|Any CPU
		{FFDC01B9-768E-47A0-8DA8-5110F018C441}.Debug|Any CPU.Build.0 = Debug|Any CPU
		{FFDC01B9-768E-47A0-8DA8-5110F018C441}.Release|Any CPU.ActiveCfg = Release|Any CPU
		{FFDC01B9-768E-47A0-8DA8-5110F018C441}.Release|Any CPU.Build.0 = Release|Any CPU
	EndGlobalSection
	GlobalSection(SolutionProperties) = preSolution
		HideSolutionNode = FALSE
	EndGlobalSection
	GlobalSection(ExtensibilityGlobals) = postSolution
		SolutionGuid = {B411C4C8-B9D0-4D62-BA95-D70F35286144}
	EndGlobalSection
EndGlobal
